// !$*UTF8*$!
{
	archiveVersion = 1;
	classes = {
	};
	objectVersion = 50;
	objects = {

/* Begin PBXBuildFile section */
		F324E1F524C208C8002CA21E /* SearchViewModel.m in Sources */ = {isa = PBXBuildFile; fileRef = F324E1F424C208C8002CA21E /* SearchViewModel.m */; };
		F324E1FF24C2F05F002CA21E /* UIImage+Resize.m in Sources */ = {isa = PBXBuildFile; fileRef = F324E1FE24C2F05F002CA21E /* UIImage+Resize.m */; };
		F324E20224C2F201002CA21E /* PhotoViewController.m in Sources */ = {isa = PBXBuildFile; fileRef = F324E20124C2F201002CA21E /* PhotoViewController.m */; };
		F324E22A24C3287A002CA21E /* WebViewController.m in Sources */ = {isa = PBXBuildFile; fileRef = F324E22924C3287A002CA21E /* WebViewController.m */; };
		F34072DE24C1A7B3003E7795 /* MainTabBarViewController.m in Sources */ = {isa = PBXBuildFile; fileRef = F34072DD24C1A7B3003E7795 /* MainTabBarViewController.m */; };
		F34072E124C1A7DA003E7795 /* SearchViewController.m in Sources */ = {isa = PBXBuildFile; fileRef = F34072E024C1A7DA003E7795 /* SearchViewController.m */; };
		F34072E424C1A7E4003E7795 /* FavoritesViewController.m in Sources */ = {isa = PBXBuildFile; fileRef = F34072E324C1A7E4003E7795 /* FavoritesViewController.m */; };
		F34072E824C1B10D003E7795 /* SearchModel.m in Sources */ = {isa = PBXBuildFile; fileRef = F34072E724C1B10D003E7795 /* SearchModel.m */; };
		F3A1BC8024C1A4900023F2B9 /* AppDelegate.m in Sources */ = {isa = PBXBuildFile; fileRef = F3A1BC7F24C1A4900023F2B9 /* AppDelegate.m */; };
		F3A1BC8324C1A4900023F2B9 /* SceneDelegate.m in Sources */ = {isa = PBXBuildFile; fileRef = F3A1BC8224C1A4900023F2B9 /* SceneDelegate.m */; };
		F3A1BC8B24C1A4910023F2B9 /* Assets.xcassets in Resources */ = {isa = PBXBuildFile; fileRef = F3A1BC8A24C1A4910023F2B9 /* Assets.xcassets */; };
		F3A1BC9124C1A4910023F2B9 /* main.m in Sources */ = {isa = PBXBuildFile; fileRef = F3A1BC9024C1A4910023F2B9 /* main.m */; };
		F3EE276324C33A4900070D23 /* PhotoViewModel.m in Sources */ = {isa = PBXBuildFile; fileRef = F3EE276224C33A4900070D23 /* PhotoViewModel.m */; };
		F3EE276624C33A5400070D23 /* WebViewModel.m in Sources */ = {isa = PBXBuildFile; fileRef = F3EE276524C33A5400070D23 /* WebViewModel.m */; };
		F3EE276924C34A7B00070D23 /* FavoritesModel.m in Sources */ = {isa = PBXBuildFile; fileRef = F3EE276824C34A7B00070D23 /* FavoritesModel.m */; };
		F3F70C5C24C4686C0015A630 /* FavoritesViewModel.m in Sources */ = {isa = PBXBuildFile; fileRef = F3F70C5B24C4686C0015A630 /* FavoritesViewModel.m */; };
/* End PBXBuildFile section */

/* Begin PBXFileReference section */
		F324E1F324C208C8002CA21E /* SearchViewModel.h */ = {isa = PBXFileReference; lastKnownFileType = sourcecode.c.h; path = SearchViewModel.h; sourceTree = "<group>"; };
		F324E1F424C208C8002CA21E /* SearchViewModel.m */ = {isa = PBXFileReference; lastKnownFileType = sourcecode.c.objc; path = SearchViewModel.m; sourceTree = "<group>"; };
		F324E1FD24C2F05F002CA21E /* UIImage+Resize.h */ = {isa = PBXFileReference; fileEncoding = 4; lastKnownFileType = sourcecode.c.h; path = "UIImage+Resize.h"; sourceTree = "<group>"; };
		F324E1FE24C2F05F002CA21E /* UIImage+Resize.m */ = {isa = PBXFileReference; fileEncoding = 4; lastKnownFileType = sourcecode.c.objc; path = "UIImage+Resize.m"; sourceTree = "<group>"; };
		F324E20024C2F201002CA21E /* PhotoViewController.h */ = {isa = PBXFileReference; lastKnownFileType = sourcecode.c.h; path = PhotoViewController.h; sourceTree = "<group>"; };
		F324E20124C2F201002CA21E /* PhotoViewController.m */ = {isa = PBXFileReference; lastKnownFileType = sourcecode.c.objc; path = PhotoViewController.m; sourceTree = "<group>"; };
		F324E22824C3287A002CA21E /* WebViewController.h */ = {isa = PBXFileReference; lastKnownFileType = sourcecode.c.h; path = WebViewController.h; sourceTree = "<group>"; };
		F324E22924C3287A002CA21E /* WebViewController.m */ = {isa = PBXFileReference; lastKnownFileType = sourcecode.c.objc; path = WebViewController.m; sourceTree = "<group>"; };
		F34072DC24C1A7B3003E7795 /* MainTabBarViewController.h */ = {isa = PBXFileReference; lastKnownFileType = sourcecode.c.h; path = MainTabBarViewController.h; sourceTree = "<group>"; };
		F34072DD24C1A7B3003E7795 /* MainTabBarViewController.m */ = {isa = PBXFileReference; lastKnownFileType = sourcecode.c.objc; path = MainTabBarViewController.m; sourceTree = "<group>"; };
		F34072DF24C1A7DA003E7795 /* SearchViewController.h */ = {isa = PBXFileReference; lastKnownFileType = sourcecode.c.h; path = SearchViewController.h; sourceTree = "<group>"; };
		F34072E024C1A7DA003E7795 /* SearchViewController.m */ = {isa = PBXFileReference; lastKnownFileType = sourcecode.c.objc; path = SearchViewController.m; sourceTree = "<group>"; };
		F34072E224C1A7E4003E7795 /* FavoritesViewController.h */ = {isa = PBXFileReference; lastKnownFileType = sourcecode.c.h; path = FavoritesViewController.h; sourceTree = "<group>"; };
		F34072E324C1A7E4003E7795 /* FavoritesViewController.m */ = {isa = PBXFileReference; lastKnownFileType = sourcecode.c.objc; path = FavoritesViewController.m; sourceTree = "<group>"; };
		F34072E624C1B10D003E7795 /* SearchModel.h */ = {isa = PBXFileReference; lastKnownFileType = sourcecode.c.h; path = SearchModel.h; sourceTree = "<group>"; };
		F34072E724C1B10D003E7795 /* SearchModel.m */ = {isa = PBXFileReference; lastKnownFileType = sourcecode.c.objc; path = SearchModel.m; sourceTree = "<group>"; };
		F3A1BC7B24C1A4900023F2B9 /* ImageSearch-ObjC.app */ = {isa = PBXFileReference; explicitFileType = wrapper.application; includeInIndex = 0; path = "ImageSearch-ObjC.app"; sourceTree = BUILT_PRODUCTS_DIR; };
		F3A1BC7E24C1A4900023F2B9 /* AppDelegate.h */ = {isa = PBXFileReference; lastKnownFileType = sourcecode.c.h; path = AppDelegate.h; sourceTree = "<group>"; };
		F3A1BC7F24C1A4900023F2B9 /* AppDelegate.m */ = {isa = PBXFileReference; lastKnownFileType = sourcecode.c.objc; path = AppDelegate.m; sourceTree = "<group>"; };
		F3A1BC8124C1A4900023F2B9 /* SceneDelegate.h */ = {isa = PBXFileReference; lastKnownFileType = sourcecode.c.h; path = SceneDelegate.h; sourceTree = "<group>"; };
		F3A1BC8224C1A4900023F2B9 /* SceneDelegate.m */ = {isa = PBXFileReference; lastKnownFileType = sourcecode.c.objc; path = SceneDelegate.m; sourceTree = "<group>"; };
		F3A1BC8A24C1A4910023F2B9 /* Assets.xcassets */ = {isa = PBXFileReference; lastKnownFileType = folder.assetcatalog; path = Assets.xcassets; sourceTree = "<group>"; };
		F3A1BC8F24C1A4910023F2B9 /* Info.plist */ = {isa = PBXFileReference; lastKnownFileType = text.plist.xml; path = Info.plist; sourceTree = "<group>"; };
		F3A1BC9024C1A4910023F2B9 /* main.m */ = {isa = PBXFileReference; lastKnownFileType = sourcecode.c.objc; path = main.m; sourceTree = "<group>"; };
		F3EE276124C33A4900070D23 /* PhotoViewModel.h */ = {isa = PBXFileReference; lastKnownFileType = sourcecode.c.h; path = PhotoViewModel.h; sourceTree = "<group>"; };
		F3EE276224C33A4900070D23 /* PhotoViewModel.m */ = {isa = PBXFileReference; lastKnownFileType = sourcecode.c.objc; path = PhotoViewModel.m; sourceTree = "<group>"; };
		F3EE276424C33A5400070D23 /* WebViewModel.h */ = {isa = PBXFileReference; lastKnownFileType = sourcecode.c.h; path = WebViewModel.h; sourceTree = "<group>"; };
		F3EE276524C33A5400070D23 /* WebViewModel.m */ = {isa = PBXFileReference; lastKnownFileType = sourcecode.c.objc; path = WebViewModel.m; sourceTree = "<group>"; };
		F3EE276724C34A7B00070D23 /* FavoritesModel.h */ = {isa = PBXFileReference; lastKnownFileType = sourcecode.c.h; path = FavoritesModel.h; sourceTree = "<group>"; };
		F3EE276824C34A7B00070D23 /* FavoritesModel.m */ = {isa = PBXFileReference; lastKnownFileType = sourcecode.c.objc; path = FavoritesModel.m; sourceTree = "<group>"; };
		F3EE276A24C34AA300070D23 /* FavoritesDelegate.h */ = {isa = PBXFileReference; lastKnownFileType = sourcecode.c.h; path = FavoritesDelegate.h; sourceTree = "<group>"; };
		F3F70C5A24C4686C0015A630 /* FavoritesViewModel.h */ = {isa = PBXFileReference; lastKnownFileType = sourcecode.c.h; path = FavoritesViewModel.h; sourceTree = "<group>"; };
		F3F70C5B24C4686C0015A630 /* FavoritesViewModel.m */ = {isa = PBXFileReference; lastKnownFileType = sourcecode.c.objc; path = FavoritesViewModel.m; sourceTree = "<group>"; };
/* End PBXFileReference section */

/* Begin PBXFrameworksBuildPhase section */
		F3A1BC7824C1A4900023F2B9 /* Frameworks */ = {
			isa = PBXFrameworksBuildPhase;
			buildActionMask = 2147483647;
			files = (
			);
			runOnlyForDeploymentPostprocessing = 0;
		};
/* End PBXFrameworksBuildPhase section */

/* Begin PBXGroup section */
		F324E1F224C208B7002CA21E /* ViewModels */ = {
			isa = PBXGroup;
			children = (
				F324E1F324C208C8002CA21E /* SearchViewModel.h */,
				F324E1F424C208C8002CA21E /* SearchViewModel.m */,
				F3EE276124C33A4900070D23 /* PhotoViewModel.h */,
				F3EE276224C33A4900070D23 /* PhotoViewModel.m */,
				F3EE276424C33A5400070D23 /* WebViewModel.h */,
				F3EE276524C33A5400070D23 /* WebViewModel.m */,
				F3F70C5A24C4686C0015A630 /* FavoritesViewModel.h */,
				F3F70C5B24C4686C0015A630 /* FavoritesViewModel.m */,
			);
			path = ViewModels;
			sourceTree = "<group>";
		};
		F324E1FC24C2F050002CA21E /* Categories */ = {
			isa = PBXGroup;
			children = (
				F324E1FD24C2F05F002CA21E /* UIImage+Resize.h */,
				F324E1FE24C2F05F002CA21E /* UIImage+Resize.m */,
			);
			path = Categories;
			sourceTree = "<group>";
		};
		F34072DB24C1A77E003E7795 /* ViewControllers */ = {
			isa = PBXGroup;
			children = (
				F34072DC24C1A7B3003E7795 /* MainTabBarViewController.h */,
				F34072DD24C1A7B3003E7795 /* MainTabBarViewController.m */,
				F34072DF24C1A7DA003E7795 /* SearchViewController.h */,
				F34072E024C1A7DA003E7795 /* SearchViewController.m */,
				F34072E224C1A7E4003E7795 /* FavoritesViewController.h */,
				F34072E324C1A7E4003E7795 /* FavoritesViewController.m */,
				F324E20024C2F201002CA21E /* PhotoViewController.h */,
				F324E20124C2F201002CA21E /* PhotoViewController.m */,
				F324E22824C3287A002CA21E /* WebViewController.h */,
				F324E22924C3287A002CA21E /* WebViewController.m */,
			);
			path = ViewControllers;
			sourceTree = "<group>";
		};
		F34072E524C1B0F9003E7795 /* Models */ = {
			isa = PBXGroup;
			children = (
				F34072E624C1B10D003E7795 /* SearchModel.h */,
				F34072E724C1B10D003E7795 /* SearchModel.m */,
				F3EE276724C34A7B00070D23 /* FavoritesModel.h */,
				F3EE276824C34A7B00070D23 /* FavoritesModel.m */,
				F3EE276A24C34AA300070D23 /* FavoritesDelegate.h */,
			);
			path = Models;
			sourceTree = "<group>";
		};
		F3A1BC7224C1A4900023F2B9 = {
			isa = PBXGroup;
			children = (
				F3A1BC7D24C1A4900023F2B9 /* ImageSearch-ObjC */,
				F3A1BC7C24C1A4900023F2B9 /* Products */,
			);
			sourceTree = "<group>";
		};
		F3A1BC7C24C1A4900023F2B9 /* Products */ = {
			isa = PBXGroup;
			children = (
				F3A1BC7B24C1A4900023F2B9 /* ImageSearch-ObjC.app */,
			);
			name = Products;
			sourceTree = "<group>";
		};
		F3A1BC7D24C1A4900023F2B9 /* ImageSearch-ObjC */ = {
			isa = PBXGroup;
			children = (
				F324E1FC24C2F050002CA21E /* Categories */,
				F34072E524C1B0F9003E7795 /* Models */,
				F324E1F224C208B7002CA21E /* ViewModels */,
				F34072DB24C1A77E003E7795 /* ViewControllers */,
				F3A1BC7E24C1A4900023F2B9 /* AppDelegate.h */,
				F3A1BC7F24C1A4900023F2B9 /* AppDelegate.m */,
				F3A1BC8124C1A4900023F2B9 /* SceneDelegate.h */,
				F3A1BC8224C1A4900023F2B9 /* SceneDelegate.m */,
				F3A1BC8A24C1A4910023F2B9 /* Assets.xcassets */,
				F3A1BC8F24C1A4910023F2B9 /* Info.plist */,
				F3A1BC9024C1A4910023F2B9 /* main.m */,
			);
			path = "ImageSearch-ObjC";
			sourceTree = "<group>";
		};
/* End PBXGroup section */

/* Begin PBXNativeTarget section */
		F3A1BC7A24C1A4900023F2B9 /* ImageSearch-ObjC */ = {
			isa = PBXNativeTarget;
			buildConfigurationList = F3A1BC9424C1A4910023F2B9 /* Build configuration list for PBXNativeTarget "ImageSearch-ObjC" */;
			buildPhases = (
				F3A1BC7724C1A4900023F2B9 /* Sources */,
				F3A1BC7824C1A4900023F2B9 /* Frameworks */,
				F3A1BC7924C1A4900023F2B9 /* Resources */,
			);
			buildRules = (
			);
			dependencies = (
			);
			name = "ImageSearch-ObjC";
			productName = "ImageSearch-ObjC";
			productReference = F3A1BC7B24C1A4900023F2B9 /* ImageSearch-ObjC.app */;
			productType = "com.apple.product-type.application";
		};
/* End PBXNativeTarget section */

/* Begin PBXProject section */
		F3A1BC7324C1A4900023F2B9 /* Project object */ = {
			isa = PBXProject;
			attributes = {
				LastUpgradeCheck = 1160;
				ORGANIZATIONNAME = jinwoopeter;
				TargetAttributes = {
					F3A1BC7A24C1A4900023F2B9 = {
						CreatedOnToolsVersion = 11.6;
					};
				};
			};
			buildConfigurationList = F3A1BC7624C1A4900023F2B9 /* Build configuration list for PBXProject "ImageSearch-ObjC" */;
			compatibilityVersion = "Xcode 9.3";
			developmentRegion = en;
			hasScannedForEncodings = 0;
			knownRegions = (
				en,
				Base,
			);
			mainGroup = F3A1BC7224C1A4900023F2B9;
			productRefGroup = F3A1BC7C24C1A4900023F2B9 /* Products */;
			projectDirPath = "";
			projectRoot = "";
			targets = (
				F3A1BC7A24C1A4900023F2B9 /* ImageSearch-ObjC */,
			);
		};
/* End PBXProject section */

/* Begin PBXResourcesBuildPhase section */
		F3A1BC7924C1A4900023F2B9 /* Resources */ = {
			isa = PBXResourcesBuildPhase;
			buildActionMask = 2147483647;
			files = (
				F3A1BC8B24C1A4910023F2B9 /* Assets.xcassets in Resources */,
			);
			runOnlyForDeploymentPostprocessing = 0;
		};
/* End PBXResourcesBuildPhase section */

/* Begin PBXSourcesBuildPhase section */
		F3A1BC7724C1A4900023F2B9 /* Sources */ = {
			isa = PBXSourcesBuildPhase;
			buildActionMask = 2147483647;
			files = (
				F3A1BC8024C1A4900023F2B9 /* AppDelegate.m in Sources */,
				F3EE276324C33A4900070D23 /* PhotoViewModel.m in Sources */,
				F34072DE24C1A7B3003E7795 /* MainTabBarViewController.m in Sources */,
				F324E22A24C3287A002CA21E /* WebViewController.m in Sources */,
				F34072E424C1A7E4003E7795 /* FavoritesViewController.m in Sources */,
				F34072E824C1B10D003E7795 /* SearchModel.m in Sources */,
				F34072E124C1A7DA003E7795 /* SearchViewController.m in Sources */,
				F3EE276624C33A5400070D23 /* WebViewModel.m in Sources */,
				F324E1FF24C2F05F002CA21E /* UIImage+Resize.m in Sources */,
				F3F70C5C24C4686C0015A630 /* FavoritesViewModel.m in Sources */,
				F3A1BC9124C1A4910023F2B9 /* main.m in Sources */,
				F324E1F524C208C8002CA21E /* SearchViewModel.m in Sources */,
				F3A1BC8324C1A4900023F2B9 /* SceneDelegate.m in Sources */,
				F324E20224C2F201002CA21E /* PhotoViewController.m in Sources */,
				F3EE276924C34A7B00070D23 /* FavoritesModel.m in Sources */,
			);
			runOnlyForDeploymentPostprocessing = 0;
		};
/* End PBXSourcesBuildPhase section */

/* Begin XCBuildConfiguration section */
		F3A1BC9224C1A4910023F2B9 /* Debug */ = {
			isa = XCBuildConfiguration;
			buildSettings = {
				ALWAYS_SEARCH_USER_PATHS = NO;
				CLANG_ANALYZER_NONNULL = YES;
				CLANG_ANALYZER_NUMBER_OBJECT_CONVERSION = YES_AGGRESSIVE;
				CLANG_CXX_LANGUAGE_STANDARD = "gnu++14";
				CLANG_CXX_LIBRARY = "libc++";
				CLANG_ENABLE_MODULES = YES;
				CLANG_ENABLE_OBJC_ARC = YES;
				CLANG_ENABLE_OBJC_WEAK = YES;
				CLANG_WARN_BLOCK_CAPTURE_AUTORELEASING = YES;
				CLANG_WARN_BOOL_CONVERSION = YES;
				CLANG_WARN_COMMA = YES;
				CLANG_WARN_CONSTANT_CONVERSION = YES;
				CLANG_WARN_DEPRECATED_OBJC_IMPLEMENTATIONS = YES;
				CLANG_WARN_DIRECT_OBJC_ISA_USAGE = YES_ERROR;
				CLANG_WARN_DOCUMENTATION_COMMENTS = YES;
				CLANG_WARN_EMPTY_BODY = YES;
				CLANG_WARN_ENUM_CONVERSION = YES;
				CLANG_WARN_INFINITE_RECURSION = YES;
				CLANG_WARN_INT_CONVERSION = YES;
				CLANG_WARN_NON_LITERAL_NULL_CONVERSION = YES;
				CLANG_WARN_OBJC_IMPLICIT_RETAIN_SELF = YES;
				CLANG_WARN_OBJC_LITERAL_CONVERSION = YES;
				CLANG_WARN_OBJC_ROOT_CLASS = YES_ERROR;
				CLANG_WARN_RANGE_LOOP_ANALYSIS = YES;
				CLANG_WARN_STRICT_PROTOTYPES = YES;
				CLANG_WARN_SUSPICIOUS_MOVE = YES;
				CLANG_WARN_UNGUARDED_AVAILABILITY = YES_AGGRESSIVE;
				CLANG_WARN_UNREACHABLE_CODE = YES;
				CLANG_WARN__DUPLICATE_METHOD_MATCH = YES;
				COPY_PHASE_STRIP = NO;
				DEBUG_INFORMATION_FORMAT = dwarf;
				ENABLE_STRICT_OBJC_MSGSEND = YES;
				ENABLE_TESTABILITY = YES;
				GCC_C_LANGUAGE_STANDARD = gnu11;
				GCC_DYNAMIC_NO_PIC = NO;
				GCC_NO_COMMON_BLOCKS = YES;
				GCC_OPTIMIZATION_LEVEL = 0;
				GCC_PREPROCESSOR_DEFINITIONS = (
					"DEBUG=1",
					"$(inherited)",
				);
				GCC_WARN_64_TO_32_BIT_CONVERSION = YES;
				GCC_WARN_ABOUT_RETURN_TYPE = YES_ERROR;
				GCC_WARN_UNDECLARED_SELECTOR = YES;
				GCC_WARN_UNINITIALIZED_AUTOS = YES_AGGRESSIVE;
				GCC_WARN_UNUSED_FUNCTION = YES;
				GCC_WARN_UNUSED_VARIABLE = YES;
				IPHONEOS_DEPLOYMENT_TARGET = 13.6;
				MTL_ENABLE_DEBUG_INFO = INCLUDE_SOURCE;
				MTL_FAST_MATH = YES;
				ONLY_ACTIVE_ARCH = YES;
				SDKROOT = iphoneos;
			};
			name = Debug;
		};
		F3A1BC9324C1A4910023F2B9 /* Release */ = {
			isa = XCBuildConfiguration;
			buildSettings = {
				ALWAYS_SEARCH_USER_PATHS = NO;
				CLANG_ANALYZER_NONNULL = YES;
				CLANG_ANALYZER_NUMBER_OBJECT_CONVERSION = YES_AGGRESSIVE;
				CLANG_CXX_LANGUAGE_STANDARD = "gnu++14";
				CLANG_CXX_LIBRARY = "libc++";
				CLANG_ENABLE_MODULES = YES;
				CLANG_ENABLE_OBJC_ARC = YES;
				CLANG_ENABLE_OBJC_WEAK = YES;
				CLANG_WARN_BLOCK_CAPTURE_AUTORELEASING = YES;
				CLANG_WARN_BOOL_CONVERSION = YES;
				CLANG_WARN_COMMA = YES;
				CLANG_WARN_CONSTANT_CONVERSION = YES;
				CLANG_WARN_DEPRECATED_OBJC_IMPLEMENTATIONS = YES;
				CLANG_WARN_DIRECT_OBJC_ISA_USAGE = YES_ERROR;
				CLANG_WARN_DOCUMENTATION_COMMENTS = YES;
				CLANG_WARN_EMPTY_BODY = YES;
				CLANG_WARN_ENUM_CONVERSION = YES;
				CLANG_WARN_INFINITE_RECURSION = YES;
				CLANG_WARN_INT_CONVERSION = YES;
				CLANG_WARN_NON_LITERAL_NULL_CONVERSION = YES;
				CLANG_WARN_OBJC_IMPLICIT_RETAIN_SELF = YES;
				CLANG_WARN_OBJC_LITERAL_CONVERSION = YES;
				CLANG_WARN_OBJC_ROOT_CLASS = YES_ERROR;
				CLANG_WARN_RANGE_LOOP_ANALYSIS = YES;
				CLANG_WARN_STRICT_PROTOTYPES = YES;
				CLANG_WARN_SUSPICIOUS_MOVE = YES;
				CLANG_WARN_UNGUARDED_AVAILABILITY = YES_AGGRESSIVE;
				CLANG_WARN_UNREACHABLE_CODE = YES;
				CLANG_WARN__DUPLICATE_METHOD_MATCH = YES;
				COPY_PHASE_STRIP = NO;
				DEBUG_INFORMATION_FORMAT = "dwarf-with-dsym";
				ENABLE_NS_ASSERTIONS = NO;
				ENABLE_STRICT_OBJC_MSGSEND = YES;
				GCC_C_LANGUAGE_STANDARD = gnu11;
				GCC_NO_COMMON_BLOCKS = YES;
				GCC_WARN_64_TO_32_BIT_CONVERSION = YES;
				GCC_WARN_ABOUT_RETURN_TYPE = YES_ERROR;
				GCC_WARN_UNDECLARED_SELECTOR = YES;
				GCC_WARN_UNINITIALIZED_AUTOS = YES_AGGRESSIVE;
				GCC_WARN_UNUSED_FUNCTION = YES;
				GCC_WARN_UNUSED_VARIABLE = YES;
				IPHONEOS_DEPLOYMENT_TARGET = 13.6;
				MTL_ENABLE_DEBUG_INFO = NO;
				MTL_FAST_MATH = YES;
				SDKROOT = iphoneos;
				VALIDATE_PRODUCT = YES;
			};
			name = Release;
		};
		F3A1BC9524C1A4910023F2B9 /* Debug */ = {
			isa = XCBuildConfiguration;
			buildSettings = {
				ASSETCATALOG_COMPILER_APPICON_NAME = AppIcon;
				CODE_SIGN_STYLE = Automatic;
				DEVELOPMENT_TEAM = 6Q9SP4M9H4;
				INFOPLIST_FILE = "ImageSearch-ObjC/Info.plist";
				LD_RUNPATH_SEARCH_PATHS = (
					"$(inherited)",
					"@executable_path/Frameworks",
				);
				PRODUCT_BUNDLE_IDENTIFIER = "com.jinwoopeter.ImageSearch-ObjC";
				PRODUCT_NAME = "$(TARGET_NAME)";
				TARGETED_DEVICE_FAMILY = "1,2";
			};
			name = Debug;
		};
		F3A1BC9624C1A4910023F2B9 /* Release */ = {
			isa = XCBuildConfiguration;
			buildSettings = {
				ASSETCATALOG_COMPILER_APPICON_NAME = AppIcon;
				CODE_SIGN_STYLE = Automatic;
				DEVELOPMENT_TEAM = 6Q9SP4M9H4;
				INFOPLIST_FILE = "ImageSearch-ObjC/Info.plist";
				LD_RUNPATH_SEARCH_PATHS = (
					"$(inherited)",
					"@executable_path/Frameworks",
				);
				PRODUCT_BUNDLE_IDENTIFIER = "com.jinwoopeter.ImageSearch-ObjC";
				PRODUCT_NAME = "$(TARGET_NAME)";
				TARGETED_DEVICE_FAMILY = "1,2";
			};
			name = Release;
		};
/* End XCBuildConfiguration section */

/* Begin XCConfigurationList section */
		F3A1BC7624C1A4900023F2B9 /* Build configuration list for PBXProject "ImageSearch-ObjC" */ = {
			isa = XCConfigurationList;
			buildConfigurations = (
				F3A1BC9224C1A4910023F2B9 /* Debug */,
				F3A1BC9324C1A4910023F2B9 /* Release */,
			);
			defaultConfigurationIsVisible = 0;
			defaultConfigurationName = Release;
		};
		F3A1BC9424C1A4910023F2B9 /* Build configuration list for PBXNativeTarget "ImageSearch-ObjC" */ = {
			isa = XCConfigurationList;
			buildConfigurations = (
				F3A1BC9524C1A4910023F2B9 /* Debug */,
				F3A1BC9624C1A4910023F2B9 /* Release */,
			);
			defaultConfigurationIsVisible = 0;
			defaultConfigurationName = Release;
		};
/* End XCConfigurationList section */
	};
	rootObject = F3A1BC7324C1A4900023F2B9 /* Project object */;
}
